
Microsoft Visual Studio Solution File, Format Version 12.00
# Visual Studio Version 17
VisualStudioVersion = 17.0.31903.59
MinimumVisualStudioVersion = 10.0.40219.1
Project("{FAE04EC0-301F-11D3-BF4B-00C04F79EFBC}") = "Shared", "shared\Shared.csproj", "{E1727D4F-42AD-4259-8934-03153D8BB16C}"
EndProject
Project("{2150E333-8FDC-42A3-9474-1A3956D46DE8}") = "produce", "produce", "{15D44B73-55EE-4CF3-B653-F38445A243F7}"
EndProject
Project("{2150E333-8FDC-42A3-9474-1A3956D46DE8}") = "consume", "consume", "{FAA5A15A-1011-48FE-A12E-2C4010A32B7A}"
EndProject
Project("{2150E333-8FDC-42A3-9474-1A3956D46DE8}") = "consumer-groups", "consumer-groups", "{39E7466A-C473-43CF-A539-23457937155B}"
EndProject
Project("{2150E333-8FDC-42A3-9474-1A3956D46DE8}") = "admin", "admin", "{6F2D030C-B5FF-4817-875F-57FFAAC6F6D5}"
EndProject
Project("{2150E333-8FDC-42A3-9474-1A3956D46DE8}") = "offsets", "offsets", "{485E1717-70F5-4C64-A2C5-6B20D4399454}"
EndProject
Project("{2150E333-8FDC-42A3-9474-1A3956D46DE8}") = "transactions", "transactions", "{3CF0967B-5831-4091-A806-FD75CF98E9F2}"
EndProject
Project("{2150E333-8FDC-42A3-9474-1A3956D46DE8}") = "security", "security", "{37DE61BD-474B-4A67-9D93-E7E41A87FC66}"
EndProject
Project("{FAE04EC0-301F-11D3-BF4B-00C04F79EFBC}") = "BasicAcks", "produce\basic-acks\BasicAcks.csproj", "{96030C28-045B-4427-B82B-4A99510BA0A9}"
EndProject
Project("{FAE04EC0-301F-11D3-BF4B-00C04F79EFBC}") = "Idempotent", "produce\idempotent\Idempotent.csproj", "{5D08C04A-2FAB-4E09-8C50-79383E1D0800}"
EndProject
Project("{FAE04EC0-301F-11D3-BF4B-00C04F79EFBC}") = "CompressionAndKeys", "produce\compression-and-keys\CompressionAndKeys.csproj", "{1C65D43E-C7DC-4624-8456-6C78D3978830}"
EndProject
Project("{FAE04EC0-301F-11D3-BF4B-00C04F79EFBC}") = "FromBeginningLatest", "consume\from-beginning-latest\FromBeginningLatest.csproj", "{95E5CBDD-D9B8-46B9-A4E9-79C209014B41}"
EndProject
Project("{FAE04EC0-301F-11D3-BF4B-00C04F79EFBC}") = "SeekOffsetsTimestamps", "consume\seek-offsets-timestamps\SeekOffsetsTimestamps.csproj", "{6ABF6E4F-999F-42CD-A797-3C22377D1736}"
EndProject
Project("{FAE04EC0-301F-11D3-BF4B-00C04F79EFBC}") = "JoinRebalance", "consumer-groups\join-rebalance\JoinRebalance.csproj", "{29686755-368E-46EB-996B-B4D77F2BD4F2}"
EndProject
Project("{FAE04EC0-301F-11D3-BF4B-00C04F79EFBC}") = "CommitAndLag", "consumer-groups\commit-and-lag\CommitAndLag.csproj", "{2AF31E59-AD91-43CE-868F-907CC513D14F}"
EndProject
Project("{FAE04EC0-301F-11D3-BF4B-00C04F79EFBC}") = "TopicsLifecycle", "admin\topics-lifecycle\TopicsLifecycle.csproj", "{055188EA-75F6-449E-A775-19D2EBF0EF8F}"
EndProject
Project("{FAE04EC0-301F-11D3-BF4B-00C04F79EFBC}") = "PartitionsAndConfigs", "admin\partitions-and-configs\PartitionsAndConfigs.csproj", "{E25BA21F-2A46-4F13-9D69-A854901C73FE}"
EndProject
Project("{FAE04EC0-301F-11D3-BF4B-00C04F79EFBC}") = "ListAndRetention", "offsets\list-and-retention\ListAndRetention.csproj", "{5701D7E1-75C5-48EF-8396-E4DBF480A45E}"
EndProject
Project("{FAE04EC0-301F-11D3-BF4B-00C04F79EFBC}") = "EosCommitAbort", "transactions\eos-commit-abort\EosCommitAbort.csproj", "{7DF2B768-D732-4B80-8D3D-934ADBC01DDF}"
EndProject
Project("{FAE04EC0-301F-11D3-BF4B-00C04F79EFBC}") = "ReadCommitted", "transactions\read-committed\ReadCommitted.csproj", "{E7F4CF1F-AE0C-4B55-945F-04315620DA65}"
EndProject
Project("{FAE04EC0-301F-11D3-BF4B-00C04F79EFBC}") = "SaslPlainScram", "security\sasl-plain-scram\SaslPlainScram.csproj", "{A409B13A-9CA4-4F92-8588-77E05CA79FDA}"
EndProject
Global
	GlobalSection(SolutionConfigurationPlatforms) = preSolution
		Debug|Any CPU = Debug|Any CPU
		Release|Any CPU = Release|Any CPU
	EndGlobalSection
	GlobalSection(SolutionProperties) = preSolution
		HideSolutionNode = FALSE
	EndGlobalSection
	GlobalSection(ProjectConfigurationPlatforms) = postSolution
		{E1727D4F-42AD-4259-8934-03153D8BB16C}.Debug|Any CPU.ActiveCfg = Debug|Any CPU
		{E1727D4F-42AD-4259-8934-03153D8BB16C}.Debug|Any CPU.Build.0 = Debug|Any CPU
		{E1727D4F-42AD-4259-8934-03153D8BB16C}.Release|Any CPU.ActiveCfg = Release|Any CPU
		{E1727D4F-42AD-4259-8934-03153D8BB16C}.Release|Any CPU.Build.0 = Release|Any CPU
		{96030C28-045B-4427-B82B-4A99510BA0A9}.Debug|Any CPU.ActiveCfg = Debug|Any CPU
		{96030C28-045B-4427-B82B-4A99510BA0A9}.Debug|Any CPU.Build.0 = Debug|Any CPU
		{96030C28-045B-4427-B82B-4A99510BA0A9}.Release|Any CPU.ActiveCfg = Release|Any CPU
		{96030C28-045B-4427-B82B-4A99510BA0A9}.Release|Any CPU.Build.0 = Release|Any CPU
		{5D08C04A-2FAB-4E09-8C50-79383E1D0800}.Debug|Any CPU.ActiveCfg = Debug|Any CPU
		{5D08C04A-2FAB-4E09-8C50-79383E1D0800}.Debug|Any CPU.Build.0 = Debug|Any CPU
		{5D08C04A-2FAB-4E09-8C50-79383E1D0800}.Release|Any CPU.ActiveCfg = Release|Any CPU
		{5D08C04A-2FAB-4E09-8C50-79383E1D0800}.Release|Any CPU.Build.0 = Release|Any CPU
		{1C65D43E-C7DC-4624-8456-6C78D3978830}.Debug|Any CPU.ActiveCfg = Debug|Any CPU
		{1C65D43E-C7DC-4624-8456-6C78D3978830}.Debug|Any CPU.Build.0 = Debug|Any CPU
		{1C65D43E-C7DC-4624-8456-6C78D3978830}.Release|Any CPU.ActiveCfg = Release|Any CPU
		{1C65D43E-C7DC-4624-8456-6C78D3978830}.Release|Any CPU.Build.0 = Release|Any CPU
		{95E5CBDD-D9B8-46B9-A4E9-79C209014B41}.Debug|Any CPU.ActiveCfg = Debug|Any CPU
		{95E5CBDD-D9B8-46B9-A4E9-79C209014B41}.Debug|Any CPU.Build.0 = Debug|Any CPU
		{95E5CBDD-D9B8-46B9-A4E9-79C209014B41}.Release|Any CPU.ActiveCfg = Release|Any CPU
		{95E5CBDD-D9B8-46B9-A4E9-79C209014B41}.Release|Any CPU.Build.0 = Release|Any CPU
		{6ABF6E4F-999F-42CD-A797-3C22377D1736}.Debug|Any CPU.ActiveCfg = Debug|Any CPU
		{6ABF6E4F-999F-42CD-A797-3C22377D1736}.Debug|Any CPU.Build.0 = Debug|Any CPU
		{6ABF6E4F-999F-42CD-A797-3C22377D1736}.Release|Any CPU.ActiveCfg = Release|Any CPU
		{6ABF6E4F-999F-42CD-A797-3C22377D1736}.Release|Any CPU.Build.0 = Release|Any CPU
		{29686755-368E-46EB-996B-B4D77F2BD4F2}.Debug|Any CPU.ActiveCfg = Debug|Any CPU
		{29686755-368E-46EB-996B-B4D77F2BD4F2}.Debug|Any CPU.Build.0 = Debug|Any CPU
		{29686755-368E-46EB-996B-B4D77F2BD4F2}.Release|Any CPU.ActiveCfg = Release|Any CPU
		{29686755-368E-46EB-996B-B4D77F2BD4F2}.Release|Any CPU.Build.0 = Release|Any CPU
		{2AF31E59-AD91-43CE-868F-907CC513D14F}.Debug|Any CPU.ActiveCfg = Debug|Any CPU
		{2AF31E59-AD91-43CE-868F-907CC513D14F}.Debug|Any CPU.Build.0 = Debug|Any CPU
		{2AF31E59-AD91-43CE-868F-907CC513D14F}.Release|Any CPU.ActiveCfg = Release|Any CPU
		{2AF31E59-AD91-43CE-868F-907CC513D14F}.Release|Any CPU.Build.0 = Release|Any CPU
		{055188EA-75F6-449E-A775-19D2EBF0EF8F}.Debug|Any CPU.ActiveCfg = Debug|Any CPU
		{055188EA-75F6-449E-A775-19D2EBF0EF8F}.Debug|Any CPU.Build.0 = Debug|Any CPU
		{055188EA-75F6-449E-A775-19D2EBF0EF8F}.Release|Any CPU.ActiveCfg = Release|Any CPU
		{055188EA-75F6-449E-A775-19D2EBF0EF8F}.Release|Any CPU.Build.0 = Release|Any CPU
		{E25BA21F-2A46-4F13-9D69-A854901C73FE}.Debug|Any CPU.ActiveCfg = Debug|Any CPU
		{E25BA21F-2A46-4F13-9D69-A854901C73FE}.Debug|Any CPU.Build.0 = Debug|Any CPU
		{E25BA21F-2A46-4F13-9D69-A854901C73FE}.Release|Any CPU.ActiveCfg = Release|Any CPU
		{E25BA21F-2A46-4F13-9D69-A854901C73FE}.Release|Any CPU.Build.0 = Release|Any CPU
		{5701D7E1-75C5-48EF-8396-E4DBF480A45E}.Debug|Any CPU.ActiveCfg = Debug|Any CPU
		{5701D7E1-75C5-48EF-8396-E4DBF480A45E}.Debug|Any CPU.Build.0 = Debug|Any CPU
		{5701D7E1-75C5-48EF-8396-E4DBF480A45E}.Release|Any CPU.ActiveCfg = Release|Any CPU
		{5701D7E1-75C5-48EF-8396-E4DBF480A45E}.Release|Any CPU.Build.0 = Release|Any CPU
		{7DF2B768-D732-4B80-8D3D-934ADBC01DDF}.Debug|Any CPU.ActiveCfg = Debug|Any CPU
		{7DF2B768-D732-4B80-8D3D-934ADBC01DDF}.Debug|Any CPU.Build.0 = Debug|Any CPU
		{7DF2B768-D732-4B80-8D3D-934ADBC01DDF}.Release|Any CPU.ActiveCfg = Release|Any CPU
		{7DF2B768-D732-4B80-8D3D-934ADBC01DDF}.Release|Any CPU.Build.0 = Release|Any CPU
		{E7F4CF1F-AE0C-4B55-945F-04315620DA65}.Debug|Any CPU.ActiveCfg = Debug|Any CPU
		{E7F4CF1F-AE0C-4B55-945F-04315620DA65}.Debug|Any CPU.Build.0 = Debug|Any CPU
		{E7F4CF1F-AE0C-4B55-945F-04315620DA65}.Release|Any CPU.ActiveCfg = Release|Any CPU
		{E7F4CF1F-AE0C-4B55-945F-04315620DA65}.Release|Any CPU.Build.0 = Release|Any CPU
		{A409B13A-9CA4-4F92-8588-77E05CA79FDA}.Debug|Any CPU.ActiveCfg = Debug|Any CPU
		{A409B13A-9CA4-4F92-8588-77E05CA79FDA}.Debug|Any CPU.Build.0 = Debug|Any CPU
		{A409B13A-9CA4-4F92-8588-77E05CA79FDA}.Release|Any CPU.ActiveCfg = Release|Any CPU
		{A409B13A-9CA4-4F92-8588-77E05CA79FDA}.Release|Any CPU.Build.0 = Release|Any CPU
	EndGlobalSection
	GlobalSection(NestedProjects) = preSolution
		{96030C28-045B-4427-B82B-4A99510BA0A9} = {15D44B73-55EE-4CF3-B653-F38445A243F7}
		{5D08C04A-2FAB-4E09-8C50-79383E1D0800} = {15D44B73-55EE-4CF3-B653-F38445A243F7}
		{1C65D43E-C7DC-4624-8456-6C78D3978830} = {15D44B73-55EE-4CF3-B653-F38445A243F7}
		{95E5CBDD-D9B8-46B9-A4E9-79C209014B41} = {FAA5A15A-1011-48FE-A12E-2C4010A32B7A}
		{6ABF6E4F-999F-42CD-A797-3C22377D1736} = {FAA5A15A-1011-48FE-A12E-2C4010A32B7A}
		{29686755-368E-46EB-996B-B4D77F2BD4F2} = {39E7466A-C473-43CF-A539-23457937155B}
		{2AF31E59-AD91-43CE-868F-907CC513D14F} = {39E7466A-C473-43CF-A539-23457937155B}
		{055188EA-75F6-449E-A775-19D2EBF0EF8F} = {6F2D030C-B5FF-4817-875F-57FFAAC6F6D5}
		{E25BA21F-2A46-4F13-9D69-A854901C73FE} = {6F2D030C-B5FF-4817-875F-57FFAAC6F6D5}
		{5701D7E1-75C5-48EF-8396-E4DBF480A45E} = {485E1717-70F5-4C64-A2C5-6B20D4399454}
		{7DF2B768-D732-4B80-8D3D-934ADBC01DDF} = {3CF0967B-5831-4091-A806-FD75CF98E9F2}
		{E7F4CF1F-AE0C-4B55-945F-04315620DA65} = {3CF0967B-5831-4091-A806-FD75CF98E9F2}
		{A409B13A-9CA4-4F92-8588-77E05CA79FDA} = {37DE61BD-474B-4A67-9D93-E7E41A87FC66}
	EndGlobalSection
EndGlobal
